{
  "projects": [
    {
      "projectId": "tmSTp4sEZSUn4K52S4J5Cc",
      "version": "latest",
      "dependencies": {},
      "lang": "ts",
      "fileLocks": [
        {
          "type": "globalVariant",
          "assetId": "FppunfyhRxO3",
          "checksum": "006984d3c6f05f4fac0f9152b9c174bf"
        },
        {
          "type": "renderModule",
          "assetId": "qsKlJvguY3Na",
          "checksum": "03f1d2fecf5088363938056759bb89c6"
        },
        {
          "type": "cssRules",
          "assetId": "qsKlJvguY3Na",
          "checksum": "03f1d2fecf5088363938056759bb89c6"
        },
        {
          "type": "image",
          "assetId": "QuN1eCaN7",
          "checksum": "2db9cf07eaba3faf85f175122a8b6f8f"
        },
        {
          "type": "image",
          "assetId": "4PO7yF1lWN",
          "checksum": "8b182235c8822c09c47643732cbe6b6a"
        },
        {
          "type": "image",
          "assetId": "5ljtNoo4ya",
          "checksum": "dc5433b9207bec44568c198583f128f0"
        },
        {
          "assetId": "tmSTp4sEZSUn4K52S4J5Cc",
          "type": "projectCss",
          "checksum": "9a3ac114873631bb9fd0ed71d97f78b1"
        },
        {
          "type": "renderModule",
          "assetId": "LUHUSpECu9",
          "checksum": "b563a05df765324d685b3c09069dca30"
        },
        {
          "type": "cssRules",
          "assetId": "LUHUSpECu9",
          "checksum": "b563a05df765324d685b3c09069dca30"
        },
        {
          "type": "renderModule",
          "assetId": "X6r6xnnRXH",
          "checksum": "6188972ef7072289850b502758ab5247"
        },
        {
          "type": "cssRules",
          "assetId": "X6r6xnnRXH",
          "checksum": "6188972ef7072289850b502758ab5247"
        },
        {
          "type": "renderModule",
          "assetId": "Da-4O1R6XR",
          "checksum": "2fa8b3340b3f7fb875fc168d7c3c9c89"
        },
        {
          "type": "cssRules",
          "assetId": "Da-4O1R6XR",
          "checksum": "2fa8b3340b3f7fb875fc168d7c3c9c89"
        },
        {
          "type": "renderModule",
          "assetId": "63Pv9Z3P-4",
          "checksum": "402b3280b2b698b98259cafb94e95c15"
        },
        {
          "type": "cssRules",
          "assetId": "63Pv9Z3P-4",
          "checksum": "402b3280b2b698b98259cafb94e95c15"
        },
        {
          "type": "renderModule",
          "assetId": "RgbrLvftDJH",
          "checksum": "c2250ab47233e434ddec5354b506abf4"
        },
        {
          "type": "cssRules",
          "assetId": "RgbrLvftDJH",
          "checksum": "c2250ab47233e434ddec5354b506abf4"
        },
        {
          "type": "renderModule",
          "assetId": "3cVUvuSuaX",
          "checksum": "7cca54942347f8ca1a3ccf7ad2fc2aa1"
        },
        {
          "type": "cssRules",
          "assetId": "3cVUvuSuaX",
          "checksum": "7cca54942347f8ca1a3ccf7ad2fc2aa1"
        },
        {
          "type": "renderModule",
          "assetId": "yTY17323UJ",
          "checksum": "199fdbc92ba7ab34f05696e2039d5fa2"
        },
        {
          "type": "cssRules",
          "assetId": "yTY17323UJ",
          "checksum": "199fdbc92ba7ab34f05696e2039d5fa2"
        },
        {
          "type": "renderModule",
          "assetId": "hD6c_JkoI2",
          "checksum": "3fbd0ac482992c0cf08d471d881f0704"
        },
        {
          "type": "cssRules",
          "assetId": "hD6c_JkoI2",
          "checksum": "3fbd0ac482992c0cf08d471d881f0704"
        },
        {
          "type": "renderModule",
          "assetId": "MJcMq4T9I0",
          "checksum": "819ae5482f66e023968068591c5824b1"
        },
        {
          "type": "cssRules",
          "assetId": "MJcMq4T9I0",
          "checksum": "819ae5482f66e023968068591c5824b1"
        },
        {
          "type": "renderModule",
          "assetId": "CdGBKX-GF3",
          "checksum": "7070049e9964937be6092a8b122dec20"
        },
        {
          "type": "cssRules",
          "assetId": "CdGBKX-GF3",
          "checksum": "7070049e9964937be6092a8b122dec20"
        },
        {
          "type": "renderModule",
          "assetId": "qVl3P7-CbV",
          "checksum": "62ef080c538f676c57ebaea54e84e60e"
        },
        {
          "type": "cssRules",
          "assetId": "qVl3P7-CbV",
          "checksum": "62ef080c538f676c57ebaea54e84e60e"
        },
        {
          "type": "icon",
          "assetId": "ocFti_1wZw",
          "checksum": "44ce8dc6f794c851681e95c44d1e7ec1"
        }
      ]
    },
    {
      "projectId": "icswXejsx2auswSa1so6Be",
      "version": "latest",
      "dependencies": {},
      "lang": "ts",
      "fileLocks": [
        {
          "type": "globalVariant",
          "assetId": "Eku4lRORkPG-",
          "checksum": "1a020343517675f55e42b142834186bd"
        },
        {
          "assetId": "icswXejsx2auswSa1so6Be",
          "type": "projectCss",
          "checksum": "36f6e11f0e258622f64ed03a3f6eeee9"
        },
        {
          "type": "renderModule",
          "assetId": "uLx-HpMIKq7x",
          "checksum": "13746421c2a8b881b9c29a7f2bd7f31f"
        },
        {
          "type": "cssRules",
          "assetId": "uLx-HpMIKq7x",
          "checksum": "13746421c2a8b881b9c29a7f2bd7f31f"
        },
        {
          "type": "image",
          "assetId": "HOp0kuZxF1_",
          "checksum": "aa2e8d70326b4e42d26acb569f9e4962"
        },
        {
          "type": "image",
          "assetId": "6Xt4VeyO32p",
          "checksum": "8ae20c867b648c02b18ab20d53cfdeb7"
        },
        {
          "type": "image",
          "assetId": "5-OPovoZ62x",
          "checksum": "a31f71f68f031e2ba3e303356b0b30d2"
        },
        {
          "type": "image",
          "assetId": "f92NaUvmwr1",
          "checksum": "64762548a6efa32247b445abaea43d6f"
        },
        {
          "type": "image",
          "assetId": "GGRPI4IcR",
          "checksum": "abe63399288124e77c1e9d216567b562"
        },
        {
          "type": "image",
          "assetId": "Od3XKZ3HWk",
          "checksum": "d146a94a6130d1ad37920f72a5284403"
        },
        {
          "type": "image",
          "assetId": "wtnGtnNYeo",
          "checksum": "1e37c5602bd6d6a55aa3f6ee1f79c254"
        },
        {
          "type": "image",
          "assetId": "8YQp0FY734",
          "checksum": "8c84f7dfb9d81a084a384705dfb72d33"
        },
        {
          "type": "image",
          "assetId": "4nLIqaM5I-",
          "checksum": "1614be5903a9929c1b610dca490c7aa7"
        }
      ]
    }
  ],
  "cliVersion": "0.1.157"
}
